
Microsoft Visual Studio Solution File, Format Version 12.00
# Visual Studio Version 16
VisualStudioVersion = 16.0.31321.278
MinimumVisualStudioVersion = 10.0.40219.1
Project("{2150E333-8FDC-42A3-9474-1A3956D46DE8}") = "Doc", "Doc", "{F8AC95C9-893E-4C81-9C80-0315B34F29E9}"
EndProject
Project("{2150E333-8FDC-42A3-9474-1A3956D46DE8}") = "Src", "Src", "{B9765660-8951-4722-BB69-EF4EE41ABC51}"
EndProject
Project("{2150E333-8FDC-42A3-9474-1A3956D46DE8}") = "Test", "Test", "{3DEA6265-4DF6-4AFC-A93D-171B9CA01D91}"
EndProject
Project("{2150E333-8FDC-42A3-9474-1A3956D46DE8}") = "Common", "Common", "{DA5FF014-B28A-4DA9-90FD-5513E5AF10E0}"
EndProject
Project("{2150E333-8FDC-42A3-9474-1A3956D46DE8}") = "Core", "Core", "{4CB6661F-DB9A-40DA-A344-3F055EF0D4DA}"
EndProject
Project("{2150E333-8FDC-42A3-9474-1A3956D46DE8}") = "Infrastructure", "Infrastructure", "{6911B45C-255B-4891-99A0-A48987FE9F86}"
EndProject
Project("{2150E333-8FDC-42A3-9474-1A3956D46DE8}") = "Presentation", "Presentation", "{D9D0DDB9-1588-41B3-865B-30B68660C413}"
EndProject
Project("{FAE04EC0-301F-11D3-BF4B-00C04F79EFBC}") = "MyStore.Common", "MyStore.Common\MyStore.Common.csproj", "{968C5C34-217E-4D56-8697-D38713E464F8}"
EndProject
Project("{FAE04EC0-301F-11D3-BF4B-00C04F79EFBC}") = "MyStore.Application", "MyStore.Application\MyStore.Application.csproj", "{609E0A49-9CE3-4D37-AC01-DDB463555CD0}"
EndProject
Project("{FAE04EC0-301F-11D3-BF4B-00C04F79EFBC}") = "MyStore.Domain", "MyStore.Domain\MyStore.Domain.csproj", "{C9398821-ED23-4CB3-B792-0B06E75AF84C}"
EndProject
Project("{FAE04EC0-301F-11D3-BF4B-00C04F79EFBC}") = "MyStore.Infrastructure", "MyStore.Infrastructure\MyStore.Infrastructure.csproj", "{DA2B1912-C6A7-4F21-9BE5-1C4DA6E16275}"
EndProject
Project("{FAE04EC0-301F-11D3-BF4B-00C04F79EFBC}") = "MyStore.Persistence", "MyStore.Persistence\MyStore.Persistence.csproj", "{29F5A85B-B87B-427A-8B14-374E4967D947}"
EndProject
Project("{FAE04EC0-301F-11D3-BF4B-00C04F79EFBC}") = "EndPoint.Website", "EndPoint.Website\EndPoint.Website.csproj", "{E7E7AC65-E509-4EFC-85CF-C0D167E426D3}"
EndProject
Global
	GlobalSection(SolutionConfigurationPlatforms) = preSolution
		Debug|Any CPU = Debug|Any CPU
		Release|Any CPU = Release|Any CPU
	EndGlobalSection
	GlobalSection(ProjectConfigurationPlatforms) = postSolution
		{968C5C34-217E-4D56-8697-D38713E464F8}.Debug|Any CPU.ActiveCfg = Debug|Any CPU
		{968C5C34-217E-4D56-8697-D38713E464F8}.Debug|Any CPU.Build.0 = Debug|Any CPU
		{968C5C34-217E-4D56-8697-D38713E464F8}.Release|Any CPU.ActiveCfg = Release|Any CPU
		{968C5C34-217E-4D56-8697-D38713E464F8}.Release|Any CPU.Build.0 = Release|Any CPU
		{609E0A49-9CE3-4D37-AC01-DDB463555CD0}.Debug|Any CPU.ActiveCfg = Debug|Any CPU
		{609E0A49-9CE3-4D37-AC01-DDB463555CD0}.Debug|Any CPU.Build.0 = Debug|Any CPU
		{609E0A49-9CE3-4D37-AC01-DDB463555CD0}.Release|Any CPU.ActiveCfg = Release|Any CPU
		{609E0A49-9CE3-4D37-AC01-DDB463555CD0}.Release|Any CPU.Build.0 = Release|Any CPU
		{C9398821-ED23-4CB3-B792-0B06E75AF84C}.Debug|Any CPU.ActiveCfg = Debug|Any CPU
		{C9398821-ED23-4CB3-B792-0B06E75AF84C}.Debug|Any CPU.Build.0 = Debug|Any CPU
		{C9398821-ED23-4CB3-B792-0B06E75AF84C}.Release|Any CPU.ActiveCfg = Release|Any CPU
		{C9398821-ED23-4CB3-B792-0B06E75AF84C}.Release|Any CPU.Build.0 = Release|Any CPU
		{DA2B1912-C6A7-4F21-9BE5-1C4DA6E16275}.Debug|Any CPU.ActiveCfg = Debug|Any CPU
		{DA2B1912-C6A7-4F21-9BE5-1C4DA6E16275}.Debug|Any CPU.Build.0 = Debug|Any CPU
		{DA2B1912-C6A7-4F21-9BE5-1C4DA6E16275}.Release|Any CPU.ActiveCfg = Release|Any CPU
		{DA2B1912-C6A7-4F21-9BE5-1C4DA6E16275}.Release|Any CPU.Build.0 = Release|Any CPU
		{29F5A85B-B87B-427A-8B14-374E4967D947}.Debug|Any CPU.ActiveCfg = Debug|Any CPU
		{29F5A85B-B87B-427A-8B14-374E4967D947}.Debug|Any CPU.Build.0 = Debug|Any CPU
		{29F5A85B-B87B-427A-8B14-374E4967D947}.Release|Any CPU.ActiveCfg = Release|Any CPU
		{29F5A85B-B87B-427A-8B14-374E4967D947}.Release|Any CPU.Build.0 = Release|Any CPU
		{E7E7AC65-E509-4EFC-85CF-C0D167E426D3}.Debug|Any CPU.ActiveCfg = Debug|Any CPU
		{E7E7AC65-E509-4EFC-85CF-C0D167E426D3}.Debug|Any CPU.Build.0 = Debug|Any CPU
		{E7E7AC65-E509-4EFC-85CF-C0D167E426D3}.Release|Any CPU.ActiveCfg = Release|Any CPU
		{E7E7AC65-E509-4EFC-85CF-C0D167E426D3}.Release|Any CPU.Build.0 = Release|Any CPU
	EndGlobalSection
	GlobalSection(SolutionProperties) = preSolution
		HideSolutionNode = FALSE
	EndGlobalSection
	GlobalSection(NestedProjects) = preSolution
		{DA5FF014-B28A-4DA9-90FD-5513E5AF10E0} = {B9765660-8951-4722-BB69-EF4EE41ABC51}
		{4CB6661F-DB9A-40DA-A344-3F055EF0D4DA} = {B9765660-8951-4722-BB69-EF4EE41ABC51}
		{6911B45C-255B-4891-99A0-A48987FE9F86} = {B9765660-8951-4722-BB69-EF4EE41ABC51}
		{D9D0DDB9-1588-41B3-865B-30B68660C413} = {B9765660-8951-4722-BB69-EF4EE41ABC51}
		{968C5C34-217E-4D56-8697-D38713E464F8} = {DA5FF014-B28A-4DA9-90FD-5513E5AF10E0}
		{609E0A49-9CE3-4D37-AC01-DDB463555CD0} = {4CB6661F-DB9A-40DA-A344-3F055EF0D4DA}
		{C9398821-ED23-4CB3-B792-0B06E75AF84C} = {4CB6661F-DB9A-40DA-A344-3F055EF0D4DA}
		{DA2B1912-C6A7-4F21-9BE5-1C4DA6E16275} = {6911B45C-255B-4891-99A0-A48987FE9F86}
		{29F5A85B-B87B-427A-8B14-374E4967D947} = {6911B45C-255B-4891-99A0-A48987FE9F86}
		{E7E7AC65-E509-4EFC-85CF-C0D167E426D3} = {D9D0DDB9-1588-41B3-865B-30B68660C413}
	EndGlobalSection
	GlobalSection(ExtensibilityGlobals) = postSolution
		SolutionGuid = {1EA9D886-C4C5-43CF-A31C-994F5070CAC3}
	EndGlobalSection
EndGlobal
